{
	"name": "@invoke-script/scripts",
	"version": "0.0.5-alpha.0",
	"lockfileVersion": 1,
	"requires": true,
	"dependencies": {
		"@babel/runtime": {
			"version": "7.21.0",
			"resolved": "https://registry.npmjs.org/@babel/runtime/-/runtime-7.21.0.tgz",
			"integrity": "sha512-xwII0//EObnq89Ji5AKYQaRYiW/nZ3llSv29d49IuxPhKbtJoLP+9QUUZ4nVragQVtaVGeZrpB+ZtG/Pdy/POw==",
			"requires": {
				"regenerator-runtime": "^0.13.11"
			}
		},
		"ansi-escapes": {
			"version": "4.3.2",
			"resolved": "https://registry.npmjs.org/ansi-escapes/-/ansi-escapes-4.3.2.tgz",
			"integrity": "sha512-gKXj5ALrKWQLsYG9jlTRmR/xKluxHV+Z9QEwNIgCfM1/uwPMCuzVVnh5mwTd+OuBZcwSIMbqssNWRm1lE51QaQ==",
			"requires": {
				"type-fest": "^0.21.3"
			}
		},
		"ansi-regex": {
			"version": "3.0.1",
			"resolved": "https://registry.npmjs.org/ansi-regex/-/ansi-regex-3.0.1.tgz",
			"integrity": "sha512-+O9Jct8wf++lXxxFc4hc8LsjaSq0HFzzL7cVsw8pRDIPdjKD2mT4ytDZlLuSBZ4cLKZFXIrMGO7DbQCtMJJMKw=="
		},
		"ansi-styles": {
			"version": "4.3.0",
			"resolved": "https://registry.npmjs.org/ansi-styles/-/ansi-styles-4.3.0.tgz",
			"integrity": "sha512-zbB9rCJAT1rbjiVDb2hqKFHNYLxgtk8NURxZ3IZwD3F6NtxbXZQCnnSi1Lkx+IDohdPlFp222wVALIheZJQSEg==",
			"requires": {
				"color-convert": "^2.0.1"
			}
		},
		"astral-regex": {
			"version": "2.0.0",
			"resolved": "https://registry.npmjs.org/astral-regex/-/astral-regex-2.0.0.tgz",
			"integrity": "sha512-Z7tMw1ytTXt5jqMcOP+OQteU1VuNK9Y02uuJtKQ1Sv69jXQKKg5cibLwGJow8yzZP+eAc18EmLGPal0bp36rvQ=="
		},
		"cli-cursor": {
			"version": "3.1.0",
			"resolved": "https://registry.npmjs.org/cli-cursor/-/cli-cursor-3.1.0.tgz",
			"integrity": "sha512-I/zHAwsKf9FqGoXM4WWRACob9+SNukZTd94DWF57E4toouRulbCxcUh6RKUEOQlYTHJnzkPMySvPNaaSLNfLZw==",
			"requires": {
				"restore-cursor": "^3.1.0"
			}
		},
		"cliui": {
			"version": "4.1.0",
			"resolved": "https://registry.npmjs.org/cliui/-/cliui-4.1.0.tgz",
			"integrity": "sha512-4FG+RSG9DL7uEwRUZXZn3SS34DiDPfzP0VOiEwtUWlE+AR2EIg+hSyvrIgUUfhdgR/UkAeW2QHgeP+hWrXs7jQ==",
			"requires": {
				"string-width": "^2.1.1",
				"strip-ansi": "^4.0.0",
				"wrap-ansi": "^2.0.0"
			}
		},
		"code-point-at": {
			"version": "1.1.0",
			"resolved": "https://registry.npmjs.org/code-point-at/-/code-point-at-1.1.0.tgz",
			"integrity": "sha1-DQcLTQQ6W+ozovGkDi7bPZpMz3c="
		},
		"color-convert": {
			"version": "2.0.1",
			"resolved": "https://registry.npmjs.org/color-convert/-/color-convert-2.0.1.tgz",
			"integrity": "sha512-RRECPsj7iu/xb5oKYcsFHSppFNnsj/52OVTRKb4zP5onXwVF3zVmmToNcOfGC+CRDpfK/U584fMg38ZHCaElKQ==",
			"requires": {
				"color-name": "~1.1.4"
			}
		},
		"color-name": {
			"version": "1.1.4",
			"resolved": "https://registry.npmjs.org/color-name/-/color-name-1.1.4.tgz",
			"integrity": "sha512-dOy+3AuW3a2wNbZHIuMZpTcgjGuLU/uBL/ubcZF9OXbDo8ff4O8yVp5Bf0efS8uEoYo5q4Fx7dY9OgQGXgAsQA=="
		},
		"emoji-regex": {
			"version": "8.0.0",
			"resolved": "https://registry.npmjs.org/emoji-regex/-/emoji-regex-8.0.0.tgz",
			"integrity": "sha512-MSjYzcWNOA0ewAHpz0MxpYFvwg6yjy1NG3xteoqz644VCo/RPgnr1/GGt+ic3iJTzQ8Eu3TdM14SawnVUmGE6A=="
		},
		"is-fullwidth-code-point": {
			"version": "2.0.0",
			"resolved": "https://registry.npmjs.org/is-fullwidth-code-point/-/is-fullwidth-code-point-2.0.0.tgz",
			"integrity": "sha1-o7MKXE8ZkYMWeqq5O+764937ZU8="
		},
		"log-update": {
			"version": "4.0.0",
			"resolved": "https://registry.npmjs.org/log-update/-/log-update-4.0.0.tgz",
			"integrity": "sha512-9fkkDevMefjg0mmzWFBW8YkFP91OrizzkW3diF7CpG+S2EYdy4+TVfGwz1zeF8x7hCx1ovSPTOE9Ngib74qqUg==",
			"requires": {
				"ansi-escapes": "^4.3.0",
				"cli-cursor": "^3.1.0",
				"slice-ansi": "^4.0.0",
				"wrap-ansi": "^6.2.0"
			},
			"dependencies": {
				"ansi-regex": {
					"version": "5.0.1",
					"resolved": "https://registry.npmjs.org/ansi-regex/-/ansi-regex-5.0.1.tgz",
					"integrity": "sha512-quJQXlTSUGL2LH9SUXo8VwsY4soanhgo6LNSm84E1LBcE8s3O0wpdiRzyR9z/ZZJMlMWv37qOOb9pdJlMUEKFQ=="
				},
				"is-fullwidth-code-point": {
					"version": "3.0.0",
					"resolved": "https://registry.npmjs.org/is-fullwidth-code-point/-/is-fullwidth-code-point-3.0.0.tgz",
					"integrity": "sha512-zymm5+u+sCsSWyD9qNaejV3DFvhCKclKdizYaJUuHA83RLjb7nSuGnddCHGv0hk+KY7BMAlsWeK4Ueg6EV6XQg=="
				},
				"string-width": {
					"version": "4.2.3",
					"resolved": "https://registry.npmjs.org/string-width/-/string-width-4.2.3.tgz",
					"integrity": "sha512-wKyQRQpjJ0sIp62ErSZdGsjMJWsap5oRNihHhu6G7JVO/9jIB6UyevL+tXuOqrng8j/cxKTWyWUwvSTriiZz/g==",
					"requires": {
						"emoji-regex": "^8.0.0",
						"is-fullwidth-code-point": "^3.0.0",
						"strip-ansi": "^6.0.1"
					}
				},
				"strip-ansi": {
					"version": "6.0.1",
					"resolved": "https://registry.npmjs.org/strip-ansi/-/strip-ansi-6.0.1.tgz",
					"integrity": "sha512-Y38VPSHcqkFrCpFnQ9vuSXmquuv5oXOKpGeT6aGrr3o3Gc9AlVa6JBfUSOCnbxGGZF+/0ooI7KrPuUSztUdU5A==",
					"requires": {
						"ansi-regex": "^5.0.1"
					}
				},
				"wrap-ansi": {
					"version": "6.2.0",
					"resolved": "https://registry.npmjs.org/wrap-ansi/-/wrap-ansi-6.2.0.tgz",
					"integrity": "sha512-r6lPcBGxZXlIcymEu7InxDMhdW0KDxpLgoFLcguasxCaJ/SOIZwINatK9KY/tf+ZrlywOKU0UDj3ATXUBfxJXA==",
					"requires": {
						"ansi-styles": "^4.0.0",
						"string-width": "^4.1.0",
						"strip-ansi": "^6.0.0"
					}
				}
			}
		},
		"mimic-fn": {
			"version": "2.1.0",
			"resolved": "https://registry.npmjs.org/mimic-fn/-/mimic-fn-2.1.0.tgz",
			"integrity": "sha512-OqbOk5oEQeAZ8WXWydlu9HJjz9WVdEIvamMCcXmuqUYjTknH/sqsWvhQ3vgwKFRR1HpjvNBKQ37nbJgYzGqGcg=="
		},
		"number-is-nan": {
			"version": "1.0.1",
			"resolved": "https://registry.npmjs.org/number-is-nan/-/number-is-nan-1.0.1.tgz",
			"integrity": "sha1-CXtgK1NCKlIsGvuHkDGDNpQaAR0="
		},
		"onetime": {
			"version": "5.1.2",
			"resolved": "https://registry.npmjs.org/onetime/-/onetime-5.1.2.tgz",
			"integrity": "sha512-kbpaSSGJTWdAY5KPVeMOKXSrPtr8C8C7wodJbcsd51jRnmD+GZu8Y0VoU6Dm5Z4vWr0Ig/1NKuWRKf7j5aaYSg==",
			"requires": {
				"mimic-fn": "^2.1.0"
			}
		},
		"redux": {
			"version": "4.2.1",
			"resolved": "https://registry.npmjs.org/redux/-/redux-4.2.1.tgz",
			"integrity": "sha512-LAUYz4lc+Do8/g7aeRa8JkyDErK6ekstQaqWQrNRW//MY1TvCEpMtpTWvlQ+FPbWCx+Xixu/6SHt5N0HR+SB4w==",
			"requires": {
				"@babel/runtime": "^7.9.2"
			}
		},
		"regenerator-runtime": {
			"version": "0.13.11",
			"resolved": "https://registry.npmjs.org/regenerator-runtime/-/regenerator-runtime-0.13.11.tgz",
			"integrity": "sha512-kY1AZVr2Ra+t+piVaJ4gxaFaReZVH40AKNo7UCX6W+dEwBo/2oZJzqfuN1qLq1oL45o56cPaTXELwrTh8Fpggg=="
		},
		"restore-cursor": {
			"version": "3.1.0",
			"resolved": "https://registry.npmjs.org/restore-cursor/-/restore-cursor-3.1.0.tgz",
			"integrity": "sha512-l+sSefzHpj5qimhFSE5a8nufZYAM3sBSVMAPtYkmC+4EH2anSGaEMXSD0izRQbu9nfyQ9y5JrVmp7E8oZrUjvA==",
			"requires": {
				"onetime": "^5.1.0",
				"signal-exit": "^3.0.2"
			}
		},
		"signal-exit": {
			"version": "3.0.7",
			"resolved": "https://registry.npmjs.org/signal-exit/-/signal-exit-3.0.7.tgz",
			"integrity": "sha512-wnD2ZE+l+SPC/uoS0vXeE9L1+0wuaMqKlfz9AMUo38JsyLSBWSFcHR1Rri62LZc12vLr1gb3jl7iwQhgwpAbGQ=="
		},
		"slice-ansi": {
			"version": "4.0.0",
			"resolved": "https://registry.npmjs.org/slice-ansi/-/slice-ansi-4.0.0.tgz",
			"integrity": "sha512-qMCMfhY040cVHT43K9BFygqYbUPFZKHOg7K73mtTWJRb8pyP3fzf4Ixd5SzdEJQ6MRUg/WBnOLxghZtKKurENQ==",
			"requires": {
				"ansi-styles": "^4.0.0",
				"astral-regex": "^2.0.0",
				"is-fullwidth-code-point": "^3.0.0"
			},
			"dependencies": {
				"is-fullwidth-code-point": {
					"version": "3.0.0",
					"resolved": "https://registry.npmjs.org/is-fullwidth-code-point/-/is-fullwidth-code-point-3.0.0.tgz",
					"integrity": "sha512-zymm5+u+sCsSWyD9qNaejV3DFvhCKclKdizYaJUuHA83RLjb7nSuGnddCHGv0hk+KY7BMAlsWeK4Ueg6EV6XQg=="
				}
			}
		},
		"string-argv": {
			"version": "0.3.1",
			"resolved": "https://registry.npmjs.org/string-argv/-/string-argv-0.3.1.tgz",
			"integrity": "sha512-a1uQGz7IyVy9YwhqjZIZu1c8JO8dNIe20xBmSS6qu9kv++k3JGzCVmprbNN5Kn+BgzD5E7YYwg1CcjuJMRNsvg=="
		},
		"string-width": {
			"version": "2.1.1",
			"resolved": "https://registry.npmjs.org/string-width/-/string-width-2.1.1.tgz",
			"integrity": "sha512-nOqH59deCq9SRHlxq1Aw85Jnt4w6KvLKqWVik6oA9ZklXLNIOlqg4F2yrT1MVaTjAqvVwdfeZ7w7aCvJD7ugkw==",
			"requires": {
				"is-fullwidth-code-point": "^2.0.0",
				"strip-ansi": "^4.0.0"
			}
		},
		"strip-ansi": {
			"version": "4.0.0",
			"resolved": "https://registry.npmjs.org/strip-ansi/-/strip-ansi-4.0.0.tgz",
			"integrity": "sha1-qEeQIusaw2iocTibY1JixQXuNo8=",
			"requires": {
				"ansi-regex": "^3.0.0"
			}
		},
		"type-fest": {
			"version": "0.21.3",
			"resolved": "https://registry.npmjs.org/type-fest/-/type-fest-0.21.3.tgz",
			"integrity": "sha512-t0rzBq87m3fVcduHDUFhKmyyX+9eo6WQjZvf51Ea/M0Q7+T374Jp1aUiyUl0GKxp8M/OETVHSDvmkyPgvX+X2w=="
		},
		"wrap-ansi": {
			"version": "2.1.0",
			"resolved": "https://registry.npmjs.org/wrap-ansi/-/wrap-ansi-2.1.0.tgz",
			"integrity": "sha1-2Pw9KE3QV5T+hJc8rs3Rz4JP3YU=",
			"requires": {
				"string-width": "^1.0.1",
				"strip-ansi": "^3.0.1"
			},
			"dependencies": {
				"ansi-regex": {
					"version": "2.1.1",
					"resolved": "https://registry.npmjs.org/ansi-regex/-/ansi-regex-2.1.1.tgz",
					"integrity": "sha512-TIGnTpdo+E3+pCyAluZvtED5p5wCqLdezCyhPZzKPcxvFplEt4i+W7OONCKgeZFT3+y5NZZfOOS/Bdcanm1MYA=="
				},
				"is-fullwidth-code-point": {
					"version": "1.0.0",
					"resolved": "https://registry.npmjs.org/is-fullwidth-code-point/-/is-fullwidth-code-point-1.0.0.tgz",
					"integrity": "sha1-754xOG8DGn8NZDr4L95QxFfvAMs=",
					"requires": {
						"number-is-nan": "^1.0.0"
					}
				},
				"string-width": {
					"version": "1.0.2",
					"resolved": "https://registry.npmjs.org/string-width/-/string-width-1.0.2.tgz",
					"integrity": "sha1-EYvfW4zcUaKn5w0hHgfisLmxB9M=",
					"requires": {
						"code-point-at": "^1.0.0",
						"is-fullwidth-code-point": "^1.0.0",
						"strip-ansi": "^3.0.0"
					}
				},
				"strip-ansi": {
					"version": "3.0.1",
					"resolved": "https://registry.npmjs.org/strip-ansi/-/strip-ansi-3.0.1.tgz",
					"integrity": "sha1-ajhfuIU9lS1f8F0Oiq+UJ43GPc8=",
					"requires": {
						"ansi-regex": "^2.0.0"
					}
				}
			}
		}
	}
}
